
Microsoft Visual Studio Solution File, Format Version 12.00
# Visual Studio Version 16
VisualStudioVersion = 16.0.31702.278
MinimumVisualStudioVersion = 10.0.40219.1
Project("{FAE04EC0-301F-11D3-BF4B-00C04F79EFBC}") = "Instrumusicals", "Instrumusicals\Instrumusicals.csproj", "{10807835-4193-4AA6-90AF-BA1E4F667656}"
EndProject
Global
	GlobalSection(SolutionConfigurationPlatforms) = preSolution
		Debug|Any CPU = Debug|Any CPU
		Release|Any CPU = Release|Any CPU
	EndGlobalSection
	GlobalSection(ProjectConfigurationPlatforms) = postSolution
		{10807835-4193-4AA6-90AF-BA1E4F667656}.Debug|Any CPU.ActiveCfg = Debug|Any CPU
		{10807835-4193-4AA6-90AF-BA1E4F667656}.Debug|Any CPU.Build.0 = Debug|Any CPU
		{10807835-4193-4AA6-90AF-BA1E4F667656}.Release|Any CPU.ActiveCfg = Release|Any CPU
		{10807835-4193-4AA6-90AF-BA1E4F667656}.Release|Any CPU.Build.0 = Release|Any CPU
	EndGlobalSection
	GlobalSection(SolutionProperties) = preSolution
		HideSolutionNode = FALSE
	EndGlobalSection
	GlobalSection(ExtensibilityGlobals) = postSolution
		SolutionGuid = {A2B064F3-41BD-4190-B041-06F558D1B9D3}
	EndGlobalSection
EndGlobal
